
Microsoft Visual Studio Solution File, Format Version 12.00
# Visual Studio Version 17
VisualStudioVersion = 17.9.34728.123
MinimumVisualStudioVersion = 10.0.40219.1
Project("{9A19103F-16F7-4668-BE54-9A1E7A4F7556}") = "Chapter.Net.BLZ", "Chapter.Net.BLZ\Chapter.Net.BLZ.csproj", "{3E1EAC30-4C35-462A-B5E2-58CB48723078}"
EndProject
Global
	GlobalSection(SolutionConfigurationPlatforms) = preSolution
		Debug|Any CPU = Debug|Any CPU
		Release|Any CPU = Release|Any CPU
	EndGlobalSection
	GlobalSection(ProjectConfigurationPlatforms) = postSolution
		{3E1EAC30-4C35-462A-B5E2-58CB48723078}.Debug|Any CPU.ActiveCfg = Debug|Any CPU
		{3E1EAC30-4C35-462A-B5E2-58CB48723078}.Debug|Any CPU.Build.0 = Debug|Any CPU
		{3E1EAC30-4C35-462A-B5E2-58CB48723078}.Release|Any CPU.ActiveCfg = Release|Any CPU
		{3E1EAC30-4C35-462A-B5E2-58CB48723078}.Release|Any CPU.Build.0 = Release|Any CPU
	EndGlobalSection
	GlobalSection(SolutionProperties) = preSolution
		HideSolutionNode = FALSE
	EndGlobalSection
	GlobalSection(ExtensibilityGlobals) = postSolution
		SolutionGuid = {48CE862E-C96B-4989-AB42-2D88579EBC44}
	EndGlobalSection
EndGlobal
